
Microsoft Visual Studio Solution File, Format Version 12.00
# Visual Studio Version 17
VisualStudioVersion = 17.3.32811.315
MinimumVisualStudioVersion = 10.0.40219.1
Project("{8BC9CEB8-8B4A-11D0-8D11-00A0C91BC942}") = "It's All Greek To Me", "It's All Greek To Me\It's All Greek To Me.vcxproj", "{DF9BAD1D-CAAD-4508-A56D-D70D7693894B}"
EndProject
Global
	GlobalSection(SolutionConfigurationPlatforms) = preSolution
		Debug|x64 = Debug|x64
		Debug|x86 = Debug|x86
		Release|x64 = Release|x64
		Release|x86 = Release|x86
	EndGlobalSection
	GlobalSection(ProjectConfigurationPlatforms) = postSolution
		{DF9BAD1D-CAAD-4508-A56D-D70D7693894B}.Debug|x64.ActiveCfg = Debug|x64
		{DF9BAD1D-CAAD-4508-A56D-D70D7693894B}.Debug|x64.Build.0 = Debug|x64
		{DF9BAD1D-CAAD-4508-A56D-D70D7693894B}.Debug|x86.ActiveCfg = Debug|Win32
		{DF9BAD1D-CAAD-4508-A56D-D70D7693894B}.Debug|x86.Build.0 = Debug|Win32
		{DF9BAD1D-CAAD-4508-A56D-D70D7693894B}.Release|x64.ActiveCfg = Release|x64
		{DF9BAD1D-CAAD-4508-A56D-D70D7693894B}.Release|x64.Build.0 = Release|x64
		{DF9BAD1D-CAAD-4508-A56D-D70D7693894B}.Release|x86.ActiveCfg = Release|Win32
		{DF9BAD1D-CAAD-4508-A56D-D70D7693894B}.Release|x86.Build.0 = Release|Win32
	EndGlobalSection
	GlobalSection(SolutionProperties) = preSolution
		HideSolutionNode = FALSE
	EndGlobalSection
	GlobalSection(ExtensibilityGlobals) = postSolution
		SolutionGuid = {BC312CA4-E38A-4680-944E-4DC95E864360}
	EndGlobalSection
EndGlobal
