
Microsoft Visual Studio Solution File, Format Version 12.00
# Visual Studio Version 17
VisualStudioVersion = 17.3.32929.385
MinimumVisualStudioVersion = 10.0.40219.1
Project("{8BC9CEB8-8B4A-11D0-8D11-00A0C91BC942}") = "Arrays", "Arrays\Arrays.vcxproj", "{024E186D-5A07-4C24-B410-CDA135F05D17}"
EndProject
Global
	GlobalSection(SolutionConfigurationPlatforms) = preSolution
		Debug|x64 = Debug|x64
		Debug|x86 = Debug|x86
		Release|x64 = Release|x64
		Release|x86 = Release|x86
	EndGlobalSection
	GlobalSection(ProjectConfigurationPlatforms) = postSolution
		{024E186D-5A07-4C24-B410-CDA135F05D17}.Debug|x64.ActiveCfg = Debug|x64
		{024E186D-5A07-4C24-B410-CDA135F05D17}.Debug|x64.Build.0 = Debug|x64
		{024E186D-5A07-4C24-B410-CDA135F05D17}.Debug|x86.ActiveCfg = Debug|Win32
		{024E186D-5A07-4C24-B410-CDA135F05D17}.Debug|x86.Build.0 = Debug|Win32
		{024E186D-5A07-4C24-B410-CDA135F05D17}.Release|x64.ActiveCfg = Release|x64
		{024E186D-5A07-4C24-B410-CDA135F05D17}.Release|x64.Build.0 = Release|x64
		{024E186D-5A07-4C24-B410-CDA135F05D17}.Release|x86.ActiveCfg = Release|Win32
		{024E186D-5A07-4C24-B410-CDA135F05D17}.Release|x86.Build.0 = Release|Win32
	EndGlobalSection
	GlobalSection(SolutionProperties) = preSolution
		HideSolutionNode = FALSE
	EndGlobalSection
	GlobalSection(ExtensibilityGlobals) = postSolution
		SolutionGuid = {F17181DC-A07B-455A-8A5F-977D095B0D98}
	EndGlobalSection
EndGlobal
